
Microsoft Visual Studio Solution File, Format Version 12.00
# Visual Studio Version 16
VisualStudioVersion = 16.0.32002.261
MinimumVisualStudioVersion = 10.0.40219.1
Project("{FAE04EC0-301F-11D3-BF4B-00C04F79EFBC}") = "MyFirstASPNetwebApp", "MyFirstASPNetwebApp\MyFirstASPNetwebApp.csproj", "{FA9CEC9E-79E5-45DA-B217-3EBFC6F0BFAB}"
EndProject
Global
	GlobalSection(SolutionConfigurationPlatforms) = preSolution
		Debug|Any CPU = Debug|Any CPU
		Release|Any CPU = Release|Any CPU
	EndGlobalSection
	GlobalSection(ProjectConfigurationPlatforms) = postSolution
		{FA9CEC9E-79E5-45DA-B217-3EBFC6F0BFAB}.Debug|Any CPU.ActiveCfg = Debug|Any CPU
		{FA9CEC9E-79E5-45DA-B217-3EBFC6F0BFAB}.Debug|Any CPU.Build.0 = Debug|Any CPU
		{FA9CEC9E-79E5-45DA-B217-3EBFC6F0BFAB}.Release|Any CPU.ActiveCfg = Release|Any CPU
		{FA9CEC9E-79E5-45DA-B217-3EBFC6F0BFAB}.Release|Any CPU.Build.0 = Release|Any CPU
	EndGlobalSection
	GlobalSection(SolutionProperties) = preSolution
		HideSolutionNode = FALSE
	EndGlobalSection
	GlobalSection(ExtensibilityGlobals) = postSolution
		SolutionGuid = {81FB03C1-B252-4BF7-B32B-D90F2EE178F8}
	EndGlobalSection
EndGlobal
